
Microsoft Visual Studio Solution File, Format Version 12.00
# Visual Studio Version 17
VisualStudioVersion = 17.14.36518.9 d17.14
MinimumVisualStudioVersion = 10.0.40219.1
Project("{FAE04EC0-301F-11D3-BF4B-00C04F79EFBC}") = "Practica5_While_1a20", "Practica5_While_1a20.csproj", "{08F34122-7BB3-4B4F-8355-1AB939A6988D}"
EndProject
Global
	GlobalSection(SolutionConfigurationPlatforms) = preSolution
		Debug|Any CPU = Debug|Any CPU
		Release|Any CPU = Release|Any CPU
	EndGlobalSection
	GlobalSection(ProjectConfigurationPlatforms) = postSolution
		{08F34122-7BB3-4B4F-8355-1AB939A6988D}.Debug|Any CPU.ActiveCfg = Debug|Any CPU
		{08F34122-7BB3-4B4F-8355-1AB939A6988D}.Debug|Any CPU.Build.0 = Debug|Any CPU
		{08F34122-7BB3-4B4F-8355-1AB939A6988D}.Release|Any CPU.ActiveCfg = Release|Any CPU
		{08F34122-7BB3-4B4F-8355-1AB939A6988D}.Release|Any CPU.Build.0 = Release|Any CPU
	EndGlobalSection
	GlobalSection(SolutionProperties) = preSolution
		HideSolutionNode = FALSE
	EndGlobalSection
	GlobalSection(ExtensibilityGlobals) = postSolution
		SolutionGuid = {2DC3EF0B-01CB-4FE8-8C0C-DC16593458CE}
	EndGlobalSection
EndGlobal
