
Microsoft Visual Studio Solution File, Format Version 12.00
# Visual Studio Version 17
VisualStudioVersion = 17.14.36518.9 d17.14
MinimumVisualStudioVersion = 10.0.40219.1
Project("{FAE04EC0-301F-11D3-BF4B-00C04F79EFBC}") = "Practica10_z = x² + x³", "Practica10_z = x² + x³.csproj", "{671D49F6-A5F7-48FC-84C2-76E7298B91A8}"
EndProject
Global
	GlobalSection(SolutionConfigurationPlatforms) = preSolution
		Debug|Any CPU = Debug|Any CPU
		Release|Any CPU = Release|Any CPU
	EndGlobalSection
	GlobalSection(ProjectConfigurationPlatforms) = postSolution
		{671D49F6-A5F7-48FC-84C2-76E7298B91A8}.Debug|Any CPU.ActiveCfg = Debug|Any CPU
		{671D49F6-A5F7-48FC-84C2-76E7298B91A8}.Debug|Any CPU.Build.0 = Debug|Any CPU
		{671D49F6-A5F7-48FC-84C2-76E7298B91A8}.Release|Any CPU.ActiveCfg = Release|Any CPU
		{671D49F6-A5F7-48FC-84C2-76E7298B91A8}.Release|Any CPU.Build.0 = Release|Any CPU
	EndGlobalSection
	GlobalSection(SolutionProperties) = preSolution
		HideSolutionNode = FALSE
	EndGlobalSection
	GlobalSection(ExtensibilityGlobals) = postSolution
		SolutionGuid = {BAE11F8E-7CDF-4905-BD9B-F05343806CD1}
	EndGlobalSection
EndGlobal
